
Microsoft Visual Studio Solution File, Format Version 12.00
# Visual Studio Version 17
VisualStudioVersion = 17.3.32922.545
MinimumVisualStudioVersion = 10.0.40219.1
Project("{FAE04EC0-301F-11D3-BF4B-00C04F79EFBC}") = "SınavNotu", "SınavNotu\SınavNotu.csproj", "{F6F57C76-B535-432F-83D9-3BB436E672E7}"
EndProject
Global
	GlobalSection(SolutionConfigurationPlatforms) = preSolution
		Debug|Any CPU = Debug|Any CPU
		Release|Any CPU = Release|Any CPU
	EndGlobalSection
	GlobalSection(ProjectConfigurationPlatforms) = postSolution
		{F6F57C76-B535-432F-83D9-3BB436E672E7}.Debug|Any CPU.ActiveCfg = Debug|Any CPU
		{F6F57C76-B535-432F-83D9-3BB436E672E7}.Debug|Any CPU.Build.0 = Debug|Any CPU
		{F6F57C76-B535-432F-83D9-3BB436E672E7}.Release|Any CPU.ActiveCfg = Release|Any CPU
		{F6F57C76-B535-432F-83D9-3BB436E672E7}.Release|Any CPU.Build.0 = Release|Any CPU
	EndGlobalSection
	GlobalSection(SolutionProperties) = preSolution
		HideSolutionNode = FALSE
	EndGlobalSection
	GlobalSection(ExtensibilityGlobals) = postSolution
		SolutionGuid = {352409F6-FDA2-4579-8868-C66E43DA13CB}
	EndGlobalSection
EndGlobal
